// !$*UTF8*$!
{
	archiveVersion = 1;
	classes = {
	};
	objectVersion = 52;
	objects = {

/* Begin PBXBuildFile section */
		701E0B2B2870D1D30050B127 /* Alamofire in Frameworks */ = {isa = PBXBuildFile; productRef = 701E0B2A2870D1D30050B127 /* Alamofire */; };
		701E0B2E2870D22D0050B127 /* SDWebImage in Frameworks */ = {isa = PBXBuildFile; productRef = 701E0B2D2870D22D0050B127 /* SDWebImage */; };
		701E0B322870D9140050B127 /* Resolver in Frameworks */ = {isa = PBXBuildFile; productRef = 701E0B312870D9140050B127 /* Resolver */; };
		701E0B342870D9260050B127 /* AppModule.swift in Sources */ = {isa = PBXBuildFile; fileRef = 701E0B332870D9260050B127 /* AppModule.swift */; };
		701E0B372870D9C10050B127 /* AppRouter.swift in Sources */ = {isa = PBXBuildFile; fileRef = 701E0B362870D9C10050B127 /* AppRouter.swift */; };
		701E0B392870D9DA0050B127 /* AppRouterProtocol.swift in Sources */ = {isa = PBXBuildFile; fileRef = 701E0B382870D9DA0050B127 /* AppRouterProtocol.swift */; };
		7076718626249CDA00D8DEF1 /* AppDelegate.swift in Sources */ = {isa = PBXBuildFile; fileRef = 7076718526249CDA00D8DEF1 /* AppDelegate.swift */; };
		7076718826249CDA00D8DEF1 /* SceneDelegate.swift in Sources */ = {isa = PBXBuildFile; fileRef = 7076718726249CDA00D8DEF1 /* SceneDelegate.swift */; };
		7076718A26249CDA00D8DEF1 /* DiscoverViewController.swift in Sources */ = {isa = PBXBuildFile; fileRef = 7076718926249CDA00D8DEF1 /* DiscoverViewController.swift */; };
		7076718D26249CDA00D8DEF1 /* Main.storyboard in Resources */ = {isa = PBXBuildFile; fileRef = 7076718B26249CDA00D8DEF1 /* Main.storyboard */; };
		7076718F26249CDD00D8DEF1 /* Assets.xcassets in Resources */ = {isa = PBXBuildFile; fileRef = 7076718E26249CDD00D8DEF1 /* Assets.xcassets */; };
		7076719226249CDD00D8DEF1 /* LaunchScreen.storyboard in Resources */ = {isa = PBXBuildFile; fileRef = 7076719026249CDD00D8DEF1 /* LaunchScreen.storyboard */; };
		707671A22624AE5300D8DEF1 /* News.swift in Sources */ = {isa = PBXBuildFile; fileRef = 707671A12624AE5300D8DEF1 /* News.swift */; };
		707671A52624AE7A00D8DEF1 /* Network.swift in Sources */ = {isa = PBXBuildFile; fileRef = 707671A42624AE7A00D8DEF1 /* Network.swift */; };
		707671A82624AEA600D8DEF1 /* WebService.swift in Sources */ = {isa = PBXBuildFile; fileRef = 707671A72624AEA600D8DEF1 /* WebService.swift */; };
		70772836262729D100D9909A /* AppearanceUtils.swift in Sources */ = {isa = PBXBuildFile; fileRef = 70772835262729D000D9909A /* AppearanceUtils.swift */; };
		7083A95626287E5D00B30947 /* DiscoverTableViewSectionHeader.swift in Sources */ = {isa = PBXBuildFile; fileRef = 7083A95526287E5D00B30947 /* DiscoverTableViewSectionHeader.swift */; };
		7083A95A26287F2600B30947 /* DiscoverTableViewSectionHeader.xib in Resources */ = {isa = PBXBuildFile; fileRef = 7083A95926287F2600B30947 /* DiscoverTableViewSectionHeader.xib */; };
		7083A9612628962100B30947 /* ViewController+Extensions.swift in Sources */ = {isa = PBXBuildFile; fileRef = 7083A9602628962100B30947 /* ViewController+Extensions.swift */; };
		70D3E9FA2871B463005D0115 /* SnapKit in Frameworks */ = {isa = PBXBuildFile; productRef = 70D3E9F92871B463005D0115 /* SnapKit */; };
		70D650B12628591800777ECD /* NewsViewController.swift in Sources */ = {isa = PBXBuildFile; fileRef = 70D650B02628591800777ECD /* NewsViewController.swift */; };
		70E3FBD02626166600CAE881 /* DiscoverTableViewCell.swift in Sources */ = {isa = PBXBuildFile; fileRef = 70E3FBCE2626166600CAE881 /* DiscoverTableViewCell.swift */; };
		70E3FBD12626166600CAE881 /* DiscoverTableViewCell.xib in Resources */ = {isa = PBXBuildFile; fileRef = 70E3FBCF2626166600CAE881 /* DiscoverTableViewCell.xib */; };
		70E3FBD72626169D00CAE881 /* WhatsUpCollectionViewCell.swift in Sources */ = {isa = PBXBuildFile; fileRef = 70E3FBD52626169D00CAE881 /* WhatsUpCollectionViewCell.swift */; };
		70E3FBD82626169D00CAE881 /* WhatsUpCollectionViewCell.xib in Resources */ = {isa = PBXBuildFile; fileRef = 70E3FBD62626169D00CAE881 /* WhatsUpCollectionViewCell.xib */; };
		70F616232628D2BA0072F8BC /* String+Extensions.swift in Sources */ = {isa = PBXBuildFile; fileRef = 70F616222628D2BA0072F8BC /* String+Extensions.swift */; };
		70FD4B0126289A6D0049EA5B /* NearMeViewController.swift in Sources */ = {isa = PBXBuildFile; fileRef = 70FD4B0026289A6D0049EA5B /* NearMeViewController.swift */; };
		70FD4B0426289A830049EA5B /* PrizesViewController.swift in Sources */ = {isa = PBXBuildFile; fileRef = 70FD4B0326289A830049EA5B /* PrizesViewController.swift */; };
/* End PBXBuildFile section */

/* Begin PBXFileReference section */
		701E0B332870D9260050B127 /* AppModule.swift */ = {isa = PBXFileReference; lastKnownFileType = sourcecode.swift; path = AppModule.swift; sourceTree = "<group>"; };
		701E0B362870D9C10050B127 /* AppRouter.swift */ = {isa = PBXFileReference; lastKnownFileType = sourcecode.swift; path = AppRouter.swift; sourceTree = "<group>"; };
		701E0B382870D9DA0050B127 /* AppRouterProtocol.swift */ = {isa = PBXFileReference; lastKnownFileType = sourcecode.swift; path = AppRouterProtocol.swift; sourceTree = "<group>"; };
		7076718226249CDA00D8DEF1 /* Lets Geaux.app */ = {isa = PBXFileReference; explicitFileType = wrapper.application; includeInIndex = 0; path = "Lets Geaux.app"; sourceTree = BUILT_PRODUCTS_DIR; };
		7076718526249CDA00D8DEF1 /* AppDelegate.swift */ = {isa = PBXFileReference; lastKnownFileType = sourcecode.swift; path = AppDelegate.swift; sourceTree = "<group>"; };
		7076718726249CDA00D8DEF1 /* SceneDelegate.swift */ = {isa = PBXFileReference; lastKnownFileType = sourcecode.swift; path = SceneDelegate.swift; sourceTree = "<group>"; };
		7076718926249CDA00D8DEF1 /* DiscoverViewController.swift */ = {isa = PBXFileReference; lastKnownFileType = sourcecode.swift; path = DiscoverViewController.swift; sourceTree = "<group>"; };
		7076718C26249CDA00D8DEF1 /* Base */ = {isa = PBXFileReference; lastKnownFileType = file.storyboard; name = Base; path = Base.lproj/Main.storyboard; sourceTree = "<group>"; };
		7076718E26249CDD00D8DEF1 /* Assets.xcassets */ = {isa = PBXFileReference; lastKnownFileType = folder.assetcatalog; path = Assets.xcassets; sourceTree = "<group>"; };
		7076719126249CDD00D8DEF1 /* Base */ = {isa = PBXFileReference; lastKnownFileType = file.storyboard; name = Base; path = Base.lproj/LaunchScreen.storyboard; sourceTree = "<group>"; };
		7076719326249CDD00D8DEF1 /* Info.plist */ = {isa = PBXFileReference; lastKnownFileType = text.plist.xml; path = Info.plist; sourceTree = "<group>"; };
		707671A12624AE5300D8DEF1 /* News.swift */ = {isa = PBXFileReference; lastKnownFileType = sourcecode.swift; path = News.swift; sourceTree = "<group>"; };
		707671A42624AE7A00D8DEF1 /* Network.swift */ = {isa = PBXFileReference; lastKnownFileType = sourcecode.swift; path = Network.swift; sourceTree = "<group>"; };
		707671A72624AEA600D8DEF1 /* WebService.swift */ = {isa = PBXFileReference; lastKnownFileType = sourcecode.swift; path = WebService.swift; sourceTree = "<group>"; };
		70772835262729D000D9909A /* AppearanceUtils.swift */ = {isa = PBXFileReference; lastKnownFileType = sourcecode.swift; path = AppearanceUtils.swift; sourceTree = "<group>"; };
		7083A95526287E5D00B30947 /* DiscoverTableViewSectionHeader.swift */ = {isa = PBXFileReference; lastKnownFileType = sourcecode.swift; path = DiscoverTableViewSectionHeader.swift; sourceTree = "<group>"; };
		7083A95926287F2600B30947 /* DiscoverTableViewSectionHeader.xib */ = {isa = PBXFileReference; lastKnownFileType = file.xib; path = DiscoverTableViewSectionHeader.xib; sourceTree = "<group>"; };
		7083A9602628962100B30947 /* ViewController+Extensions.swift */ = {isa = PBXFileReference; lastKnownFileType = sourcecode.swift; path = "ViewController+Extensions.swift"; sourceTree = "<group>"; };
		70D650B02628591800777ECD /* NewsViewController.swift */ = {isa = PBXFileReference; lastKnownFileType = sourcecode.swift; path = NewsViewController.swift; sourceTree = "<group>"; };
		70E3FBCE2626166600CAE881 /* DiscoverTableViewCell.swift */ = {isa = PBXFileReference; lastKnownFileType = sourcecode.swift; path = DiscoverTableViewCell.swift; sourceTree = "<group>"; };
		70E3FBCF2626166600CAE881 /* DiscoverTableViewCell.xib */ = {isa = PBXFileReference; lastKnownFileType = file.xib; path = DiscoverTableViewCell.xib; sourceTree = "<group>"; };
		70E3FBD52626169D00CAE881 /* WhatsUpCollectionViewCell.swift */ = {isa = PBXFileReference; lastKnownFileType = sourcecode.swift; path = WhatsUpCollectionViewCell.swift; sourceTree = "<group>"; };
		70E3FBD62626169D00CAE881 /* WhatsUpCollectionViewCell.xib */ = {isa = PBXFileReference; lastKnownFileType = file.xib; path = WhatsUpCollectionViewCell.xib; sourceTree = "<group>"; };
		70F616222628D2BA0072F8BC /* String+Extensions.swift */ = {isa = PBXFileReference; lastKnownFileType = sourcecode.swift; path = "String+Extensions.swift"; sourceTree = "<group>"; };
		70FD4B0026289A6D0049EA5B /* NearMeViewController.swift */ = {isa = PBXFileReference; lastKnownFileType = sourcecode.swift; path = NearMeViewController.swift; sourceTree = "<group>"; };
		70FD4B0326289A830049EA5B /* PrizesViewController.swift */ = {isa = PBXFileReference; lastKnownFileType = sourcecode.swift; path = PrizesViewController.swift; sourceTree = "<group>"; };
/* End PBXFileReference section */

/* Begin PBXFrameworksBuildPhase section */
		7076717F26249CDA00D8DEF1 /* Frameworks */ = {
			isa = PBXFrameworksBuildPhase;
			buildActionMask = 2147483647;
			files = (
				701E0B322870D9140050B127 /* Resolver in Frameworks */,
				70D3E9FA2871B463005D0115 /* SnapKit in Frameworks */,
				701E0B2E2870D22D0050B127 /* SDWebImage in Frameworks */,
				701E0B2B2870D1D30050B127 /* Alamofire in Frameworks */,
			);
			runOnlyForDeploymentPostprocessing = 0;
		};
/* End PBXFrameworksBuildPhase section */

/* Begin PBXGroup section */
		701E0B352870D9950050B127 /* AppRouter */ = {
			isa = PBXGroup;
			children = (
				701E0B362870D9C10050B127 /* AppRouter.swift */,
				701E0B382870D9DA0050B127 /* AppRouterProtocol.swift */,
			);
			path = AppRouter;
			sourceTree = "<group>";
		};
		7076717926249CDA00D8DEF1 = {
			isa = PBXGroup;
			children = (
				7076718426249CDA00D8DEF1 /* Lets Geaux */,
				7076718326249CDA00D8DEF1 /* Products */,
			);
			sourceTree = "<group>";
		};
		7076718326249CDA00D8DEF1 /* Products */ = {
			isa = PBXGroup;
			children = (
				7076718226249CDA00D8DEF1 /* Lets Geaux.app */,
			);
			name = Products;
			sourceTree = "<group>";
		};
		7076718426249CDA00D8DEF1 /* Lets Geaux */ = {
			isa = PBXGroup;
			children = (
				701E0B352870D9950050B127 /* AppRouter */,
				707671A02624AE2B00D8DEF1 /* Model */,
				70E3FBCC2626161500CAE881 /* Discover */,
				70D650AF2628590400777ECD /* News */,
				70F6162626290FE70072F8BC /* Near me */,
				70F6162726290FF60072F8BC /* Prizes */,
				70F616212628D2880072F8BC /* Extensions */,
				70772834262729B500D9909A /* Utils */,
				7076718526249CDA00D8DEF1 /* AppDelegate.swift */,
				7076718726249CDA00D8DEF1 /* SceneDelegate.swift */,
				701E0B332870D9260050B127 /* AppModule.swift */,
				7076718B26249CDA00D8DEF1 /* Main.storyboard */,
				7076718E26249CDD00D8DEF1 /* Assets.xcassets */,
				7076719026249CDD00D8DEF1 /* LaunchScreen.storyboard */,
				7076719326249CDD00D8DEF1 /* Info.plist */,
			);
			path = "Lets Geaux";
			sourceTree = "<group>";
		};
		707671A02624AE2B00D8DEF1 /* Model */ = {
			isa = PBXGroup;
			children = (
				707671A12624AE5300D8DEF1 /* News.swift */,
				707671A42624AE7A00D8DEF1 /* Network.swift */,
				707671A72624AEA600D8DEF1 /* WebService.swift */,
			);
			path = Model;
			sourceTree = "<group>";
		};
		70772834262729B500D9909A /* Utils */ = {
			isa = PBXGroup;
			children = (
				70772835262729D000D9909A /* AppearanceUtils.swift */,
			);
			path = Utils;
			sourceTree = "<group>";
		};
		7083A95426287E4100B30947 /* DiscoverTableViewSectionHeader */ = {
			isa = PBXGroup;
			children = (
				7083A95526287E5D00B30947 /* DiscoverTableViewSectionHeader.swift */,
				7083A95926287F2600B30947 /* DiscoverTableViewSectionHeader.xib */,
			);
			path = DiscoverTableViewSectionHeader;
			sourceTree = "<group>";
		};
		70D650AF2628590400777ECD /* News */ = {
			isa = PBXGroup;
			children = (
				70D650B02628591800777ECD /* NewsViewController.swift */,
			);
			path = News;
			sourceTree = "<group>";
		};
		70E3FBCC2626161500CAE881 /* Discover */ = {
			isa = PBXGroup;
			children = (
				7076718926249CDA00D8DEF1 /* DiscoverViewController.swift */,
				7083A95426287E4100B30947 /* DiscoverTableViewSectionHeader */,
				70E3FBCD2626162C00CAE881 /* DiscoverTableViewCell */,
				70E3FBD42626166F00CAE881 /* WhatsUpCollectionViewCell */,
			);
			path = Discover;
			sourceTree = "<group>";
		};
		70E3FBCD2626162C00CAE881 /* DiscoverTableViewCell */ = {
			isa = PBXGroup;
			children = (
				70E3FBCE2626166600CAE881 /* DiscoverTableViewCell.swift */,
				70E3FBCF2626166600CAE881 /* DiscoverTableViewCell.xib */,
			);
			path = DiscoverTableViewCell;
			sourceTree = "<group>";
		};
		70E3FBD42626166F00CAE881 /* WhatsUpCollectionViewCell */ = {
			isa = PBXGroup;
			children = (
				70E3FBD52626169D00CAE881 /* WhatsUpCollectionViewCell.swift */,
				70E3FBD62626169D00CAE881 /* WhatsUpCollectionViewCell.xib */,
			);
			path = WhatsUpCollectionViewCell;
			sourceTree = "<group>";
		};
		70F616212628D2880072F8BC /* Extensions */ = {
			isa = PBXGroup;
			children = (
				7083A9602628962100B30947 /* ViewController+Extensions.swift */,
				70F616222628D2BA0072F8BC /* String+Extensions.swift */,
			);
			path = Extensions;
			sourceTree = "<group>";
		};
		70F6162626290FE70072F8BC /* Near me */ = {
			isa = PBXGroup;
			children = (
				70FD4B0026289A6D0049EA5B /* NearMeViewController.swift */,
			);
			path = "Near me";
			sourceTree = "<group>";
		};
		70F6162726290FF60072F8BC /* Prizes */ = {
			isa = PBXGroup;
			children = (
				70FD4B0326289A830049EA5B /* PrizesViewController.swift */,
			);
			path = Prizes;
			sourceTree = "<group>";
		};
/* End PBXGroup section */

/* Begin PBXNativeTarget section */
		7076718126249CDA00D8DEF1 /* Lets Geaux */ = {
			isa = PBXNativeTarget;
			buildConfigurationList = 7076719626249CDD00D8DEF1 /* Build configuration list for PBXNativeTarget "Lets Geaux" */;
			buildPhases = (
				7076717E26249CDA00D8DEF1 /* Sources */,
				7076717F26249CDA00D8DEF1 /* Frameworks */,
				7076718026249CDA00D8DEF1 /* Resources */,
			);
			buildRules = (
			);
			dependencies = (
			);
			name = "Lets Geaux";
			packageProductDependencies = (
				701E0B2A2870D1D30050B127 /* Alamofire */,
				701E0B2D2870D22D0050B127 /* SDWebImage */,
				701E0B312870D9140050B127 /* Resolver */,
				70D3E9F92871B463005D0115 /* SnapKit */,
			);
			productName = "Let's Geaux";
			productReference = 7076718226249CDA00D8DEF1 /* Lets Geaux.app */;
			productType = "com.apple.product-type.application";
		};
/* End PBXNativeTarget section */

/* Begin PBXProject section */
		7076717A26249CDA00D8DEF1 /* Project object */ = {
			isa = PBXProject;
			attributes = {
				LastSwiftUpdateCheck = 1240;
				LastUpgradeCheck = 1240;
				TargetAttributes = {
					7076718126249CDA00D8DEF1 = {
						CreatedOnToolsVersion = 12.4;
					};
				};
			};
			buildConfigurationList = 7076717D26249CDA00D8DEF1 /* Build configuration list for PBXProject "Lets Geaux" */;
			compatibilityVersion = "Xcode 9.3";
			developmentRegion = en;
			hasScannedForEncodings = 0;
			knownRegions = (
				en,
				Base,
			);
			mainGroup = 7076717926249CDA00D8DEF1;
			packageReferences = (
				701E0B292870D1D30050B127 /* XCRemoteSwiftPackageReference "Alamofire" */,
				701E0B2C2870D22D0050B127 /* XCRemoteSwiftPackageReference "SDWebImage" */,
				701E0B302870D9140050B127 /* XCRemoteSwiftPackageReference "Resolver" */,
				70D3E9F82871B463005D0115 /* XCRemoteSwiftPackageReference "SnapKit" */,
			);
			productRefGroup = 7076718326249CDA00D8DEF1 /* Products */;
			projectDirPath = "";
			projectRoot = "";
			targets = (
				7076718126249CDA00D8DEF1 /* Lets Geaux */,
			);
		};
/* End PBXProject section */

/* Begin PBXResourcesBuildPhase section */
		7076718026249CDA00D8DEF1 /* Resources */ = {
			isa = PBXResourcesBuildPhase;
			buildActionMask = 2147483647;
			files = (
				7083A95A26287F2600B30947 /* DiscoverTableViewSectionHeader.xib in Resources */,
				7076719226249CDD00D8DEF1 /* LaunchScreen.storyboard in Resources */,
				70E3FBD12626166600CAE881 /* DiscoverTableViewCell.xib in Resources */,
				7076718F26249CDD00D8DEF1 /* Assets.xcassets in Resources */,
				7076718D26249CDA00D8DEF1 /* Main.storyboard in Resources */,
				70E3FBD82626169D00CAE881 /* WhatsUpCollectionViewCell.xib in Resources */,
			);
			runOnlyForDeploymentPostprocessing = 0;
		};
/* End PBXResourcesBuildPhase section */

/* Begin PBXSourcesBuildPhase section */
		7076717E26249CDA00D8DEF1 /* Sources */ = {
			isa = PBXSourcesBuildPhase;
			buildActionMask = 2147483647;
			files = (
				70D650B12628591800777ECD /* NewsViewController.swift in Sources */,
				701E0B342870D9260050B127 /* AppModule.swift in Sources */,
				7076718A26249CDA00D8DEF1 /* DiscoverViewController.swift in Sources */,
				707671A22624AE5300D8DEF1 /* News.swift in Sources */,
				701E0B392870D9DA0050B127 /* AppRouterProtocol.swift in Sources */,
				7076718626249CDA00D8DEF1 /* AppDelegate.swift in Sources */,
				7083A95626287E5D00B30947 /* DiscoverTableViewSectionHeader.swift in Sources */,
				70F616232628D2BA0072F8BC /* String+Extensions.swift in Sources */,
				707671A82624AEA600D8DEF1 /* WebService.swift in Sources */,
				70FD4B0426289A830049EA5B /* PrizesViewController.swift in Sources */,
				70E3FBD02626166600CAE881 /* DiscoverTableViewCell.swift in Sources */,
				70FD4B0126289A6D0049EA5B /* NearMeViewController.swift in Sources */,
				707671A52624AE7A00D8DEF1 /* Network.swift in Sources */,
				70772836262729D100D9909A /* AppearanceUtils.swift in Sources */,
				70E3FBD72626169D00CAE881 /* WhatsUpCollectionViewCell.swift in Sources */,
				7076718826249CDA00D8DEF1 /* SceneDelegate.swift in Sources */,
				701E0B372870D9C10050B127 /* AppRouter.swift in Sources */,
				7083A9612628962100B30947 /* ViewController+Extensions.swift in Sources */,
			);
			runOnlyForDeploymentPostprocessing = 0;
		};
/* End PBXSourcesBuildPhase section */

/* Begin PBXVariantGroup section */
		7076718B26249CDA00D8DEF1 /* Main.storyboard */ = {
			isa = PBXVariantGroup;
			children = (
				7076718C26249CDA00D8DEF1 /* Base */,
			);
			name = Main.storyboard;
			sourceTree = "<group>";
		};
		7076719026249CDD00D8DEF1 /* LaunchScreen.storyboard */ = {
			isa = PBXVariantGroup;
			children = (
				7076719126249CDD00D8DEF1 /* Base */,
			);
			name = LaunchScreen.storyboard;
			sourceTree = "<group>";
		};
/* End PBXVariantGroup section */

/* Begin XCBuildConfiguration section */
		7076719426249CDD00D8DEF1 /* Debug */ = {
			isa = XCBuildConfiguration;
			buildSettings = {
				ALWAYS_SEARCH_USER_PATHS = NO;
				CLANG_ANALYZER_NONNULL = YES;
				CLANG_ANALYZER_NUMBER_OBJECT_CONVERSION = YES_AGGRESSIVE;
				CLANG_CXX_LANGUAGE_STANDARD = "gnu++14";
				CLANG_CXX_LIBRARY = "libc++";
				CLANG_ENABLE_MODULES = YES;
				CLANG_ENABLE_OBJC_ARC = YES;
				CLANG_ENABLE_OBJC_WEAK = YES;
				CLANG_WARN_BLOCK_CAPTURE_AUTORELEASING = YES;
				CLANG_WARN_BOOL_CONVERSION = YES;
				CLANG_WARN_COMMA = YES;
				CLANG_WARN_CONSTANT_CONVERSION = YES;
				CLANG_WARN_DEPRECATED_OBJC_IMPLEMENTATIONS = YES;
				CLANG_WARN_DIRECT_OBJC_ISA_USAGE = YES_ERROR;
				CLANG_WARN_DOCUMENTATION_COMMENTS = YES;
				CLANG_WARN_EMPTY_BODY = YES;
				CLANG_WARN_ENUM_CONVERSION = YES;
				CLANG_WARN_INFINITE_RECURSION = YES;
				CLANG_WARN_INT_CONVERSION = YES;
				CLANG_WARN_NON_LITERAL_NULL_CONVERSION = YES;
				CLANG_WARN_OBJC_IMPLICIT_RETAIN_SELF = YES;
				CLANG_WARN_OBJC_LITERAL_CONVERSION = YES;
				CLANG_WARN_OBJC_ROOT_CLASS = YES_ERROR;
				CLANG_WARN_QUOTED_INCLUDE_IN_FRAMEWORK_HEADER = YES;
				CLANG_WARN_RANGE_LOOP_ANALYSIS = YES;
				CLANG_WARN_STRICT_PROTOTYPES = YES;
				CLANG_WARN_SUSPICIOUS_MOVE = YES;
				CLANG_WARN_UNGUARDED_AVAILABILITY = YES_AGGRESSIVE;
				CLANG_WARN_UNREACHABLE_CODE = YES;
				CLANG_WARN__DUPLICATE_METHOD_MATCH = YES;
				COPY_PHASE_STRIP = NO;
				DEBUG_INFORMATION_FORMAT = dwarf;
				ENABLE_STRICT_OBJC_MSGSEND = YES;
				ENABLE_TESTABILITY = YES;
				GCC_C_LANGUAGE_STANDARD = gnu11;
				GCC_DYNAMIC_NO_PIC = NO;
				GCC_NO_COMMON_BLOCKS = YES;
				GCC_OPTIMIZATION_LEVEL = 0;
				GCC_PREPROCESSOR_DEFINITIONS = (
					"DEBUG=1",
					"$(inherited)",
				);
				GCC_WARN_64_TO_32_BIT_CONVERSION = YES;
				GCC_WARN_ABOUT_RETURN_TYPE = YES_ERROR;
				GCC_WARN_UNDECLARED_SELECTOR = YES;
				GCC_WARN_UNINITIALIZED_AUTOS = YES_AGGRESSIVE;
				GCC_WARN_UNUSED_FUNCTION = YES;
				GCC_WARN_UNUSED_VARIABLE = YES;
				IPHONEOS_DEPLOYMENT_TARGET = 14.4;
				MTL_ENABLE_DEBUG_INFO = INCLUDE_SOURCE;
				MTL_FAST_MATH = YES;
				ONLY_ACTIVE_ARCH = YES;
				SDKROOT = iphoneos;
				SWIFT_ACTIVE_COMPILATION_CONDITIONS = DEBUG;
				SWIFT_OPTIMIZATION_LEVEL = "-Onone";
			};
			name = Debug;
		};
		7076719526249CDD00D8DEF1 /* Release */ = {
			isa = XCBuildConfiguration;
			buildSettings = {
				ALWAYS_SEARCH_USER_PATHS = NO;
				CLANG_ANALYZER_NONNULL = YES;
				CLANG_ANALYZER_NUMBER_OBJECT_CONVERSION = YES_AGGRESSIVE;
				CLANG_CXX_LANGUAGE_STANDARD = "gnu++14";
				CLANG_CXX_LIBRARY = "libc++";
				CLANG_ENABLE_MODULES = YES;
				CLANG_ENABLE_OBJC_ARC = YES;
				CLANG_ENABLE_OBJC_WEAK = YES;
				CLANG_WARN_BLOCK_CAPTURE_AUTORELEASING = YES;
				CLANG_WARN_BOOL_CONVERSION = YES;
				CLANG_WARN_COMMA = YES;
				CLANG_WARN_CONSTANT_CONVERSION = YES;
				CLANG_WARN_DEPRECATED_OBJC_IMPLEMENTATIONS = YES;
				CLANG_WARN_DIRECT_OBJC_ISA_USAGE = YES_ERROR;
				CLANG_WARN_DOCUMENTATION_COMMENTS = YES;
				CLANG_WARN_EMPTY_BODY = YES;
				CLANG_WARN_ENUM_CONVERSION = YES;
				CLANG_WARN_INFINITE_RECURSION = YES;
				CLANG_WARN_INT_CONVERSION = YES;
				CLANG_WARN_NON_LITERAL_NULL_CONVERSION = YES;
				CLANG_WARN_OBJC_IMPLICIT_RETAIN_SELF = YES;
				CLANG_WARN_OBJC_LITERAL_CONVERSION = YES;
				CLANG_WARN_OBJC_ROOT_CLASS = YES_ERROR;
				CLANG_WARN_QUOTED_INCLUDE_IN_FRAMEWORK_HEADER = YES;
				CLANG_WARN_RANGE_LOOP_ANALYSIS = YES;
				CLANG_WARN_STRICT_PROTOTYPES = YES;
				CLANG_WARN_SUSPICIOUS_MOVE = YES;
				CLANG_WARN_UNGUARDED_AVAILABILITY = YES_AGGRESSIVE;
				CLANG_WARN_UNREACHABLE_CODE = YES;
				CLANG_WARN__DUPLICATE_METHOD_MATCH = YES;
				COPY_PHASE_STRIP = NO;
				DEBUG_INFORMATION_FORMAT = "dwarf-with-dsym";
				ENABLE_NS_ASSERTIONS = NO;
				ENABLE_STRICT_OBJC_MSGSEND = YES;
				GCC_C_LANGUAGE_STANDARD = gnu11;
				GCC_NO_COMMON_BLOCKS = YES;
				GCC_WARN_64_TO_32_BIT_CONVERSION = YES;
				GCC_WARN_ABOUT_RETURN_TYPE = YES_ERROR;
				GCC_WARN_UNDECLARED_SELECTOR = YES;
				GCC_WARN_UNINITIALIZED_AUTOS = YES_AGGRESSIVE;
				GCC_WARN_UNUSED_FUNCTION = YES;
				GCC_WARN_UNUSED_VARIABLE = YES;
				IPHONEOS_DEPLOYMENT_TARGET = 14.4;
				MTL_ENABLE_DEBUG_INFO = NO;
				MTL_FAST_MATH = YES;
				SDKROOT = iphoneos;
				SWIFT_COMPILATION_MODE = wholemodule;
				SWIFT_OPTIMIZATION_LEVEL = "-O";
				VALIDATE_PRODUCT = YES;
			};
			name = Release;
		};
		7076719726249CDD00D8DEF1 /* Debug */ = {
			isa = XCBuildConfiguration;
			buildSettings = {
				ASSETCATALOG_COMPILER_APPICON_NAME = AppIcon;
				ASSETCATALOG_COMPILER_GLOBAL_ACCENT_COLOR_NAME = AccentColor;
				CODE_SIGN_STYLE = Automatic;
				DEVELOPMENT_TEAM = 4KC5LNQ77T;
				EXCLUDED_ARCHS = "";
				INFOPLIST_FILE = "$(SRCROOT)/Lets Geaux/Info.plist";
				IPHONEOS_DEPLOYMENT_TARGET = 14.4;
				LD_RUNPATH_SEARCH_PATHS = (
					"$(inherited)",
					"@executable_path/Frameworks",
				);
				PRODUCT_BUNDLE_IDENTIFIER = "co.thr.letsgeaux.Let-s-Geaux";
				PRODUCT_NAME = "$(TARGET_NAME)";
				SWIFT_VERSION = 5.0;
				TARGETED_DEVICE_FAMILY = 1;
			};
			name = Debug;
		};
		7076719826249CDD00D8DEF1 /* Release */ = {
			isa = XCBuildConfiguration;
			buildSettings = {
				ASSETCATALOG_COMPILER_APPICON_NAME = AppIcon;
				ASSETCATALOG_COMPILER_GLOBAL_ACCENT_COLOR_NAME = AccentColor;
				CODE_SIGN_STYLE = Automatic;
				DEVELOPMENT_TEAM = 4KC5LNQ77T;
				EXCLUDED_ARCHS = "";
				INFOPLIST_FILE = "$(SRCROOT)/Lets Geaux/Info.plist";
				IPHONEOS_DEPLOYMENT_TARGET = 14.4;
				LD_RUNPATH_SEARCH_PATHS = (
					"$(inherited)",
					"@executable_path/Frameworks",
				);
				PRODUCT_BUNDLE_IDENTIFIER = "co.thr.letsgeaux.Let-s-Geaux";
				PRODUCT_NAME = "$(TARGET_NAME)";
				SWIFT_VERSION = 5.0;
				TARGETED_DEVICE_FAMILY = 1;
			};
			name = Release;
		};
/* End XCBuildConfiguration section */

/* Begin XCConfigurationList section */
		7076717D26249CDA00D8DEF1 /* Build configuration list for PBXProject "Lets Geaux" */ = {
			isa = XCConfigurationList;
			buildConfigurations = (
				7076719426249CDD00D8DEF1 /* Debug */,
				7076719526249CDD00D8DEF1 /* Release */,
			);
			defaultConfigurationIsVisible = 0;
			defaultConfigurationName = Release;
		};
		7076719626249CDD00D8DEF1 /* Build configuration list for PBXNativeTarget "Lets Geaux" */ = {
			isa = XCConfigurationList;
			buildConfigurations = (
				7076719726249CDD00D8DEF1 /* Debug */,
				7076719826249CDD00D8DEF1 /* Release */,
			);
			defaultConfigurationIsVisible = 0;
			defaultConfigurationName = Release;
		};
/* End XCConfigurationList section */

/* Begin XCRemoteSwiftPackageReference section */
		701E0B292870D1D30050B127 /* XCRemoteSwiftPackageReference "Alamofire" */ = {
			isa = XCRemoteSwiftPackageReference;
			repositoryURL = "https://github.com/Alamofire/Alamofire";
			requirement = {
				kind = upToNextMajorVersion;
				minimumVersion = 5.0.0;
			};
		};
		701E0B2C2870D22D0050B127 /* XCRemoteSwiftPackageReference "SDWebImage" */ = {
			isa = XCRemoteSwiftPackageReference;
			repositoryURL = "https://github.com/SDWebImage/SDWebImage";
			requirement = {
				kind = upToNextMajorVersion;
				minimumVersion = 5.0.0;
			};
		};
		701E0B302870D9140050B127 /* XCRemoteSwiftPackageReference "Resolver" */ = {
			isa = XCRemoteSwiftPackageReference;
			repositoryURL = "https://github.com/hmlongco/Resolver";
			requirement = {
				kind = upToNextMajorVersion;
				minimumVersion = 1.0.0;
			};
		};
		70D3E9F82871B463005D0115 /* XCRemoteSwiftPackageReference "SnapKit" */ = {
			isa = XCRemoteSwiftPackageReference;
			repositoryURL = "https://github.com/SnapKit/SnapKit";
			requirement = {
				kind = upToNextMajorVersion;
				minimumVersion = 5.0.0;
			};
		};
/* End XCRemoteSwiftPackageReference section */

/* Begin XCSwiftPackageProductDependency section */
		701E0B2A2870D1D30050B127 /* Alamofire */ = {
			isa = XCSwiftPackageProductDependency;
			package = 701E0B292870D1D30050B127 /* XCRemoteSwiftPackageReference "Alamofire" */;
			productName = Alamofire;
		};
		701E0B2D2870D22D0050B127 /* SDWebImage */ = {
			isa = XCSwiftPackageProductDependency;
			package = 701E0B2C2870D22D0050B127 /* XCRemoteSwiftPackageReference "SDWebImage" */;
			productName = SDWebImage;
		};
		701E0B312870D9140050B127 /* Resolver */ = {
			isa = XCSwiftPackageProductDependency;
			package = 701E0B302870D9140050B127 /* XCRemoteSwiftPackageReference "Resolver" */;
			productName = Resolver;
		};
		70D3E9F92871B463005D0115 /* SnapKit */ = {
			isa = XCSwiftPackageProductDependency;
			package = 70D3E9F82871B463005D0115 /* XCRemoteSwiftPackageReference "SnapKit" */;
			productName = SnapKit;
		};
/* End XCSwiftPackageProductDependency section */
	};
	rootObject = 7076717A26249CDA00D8DEF1 /* Project object */;
}
