// !$*UTF8*$!
{
	archiveVersion = 1;
	classes = {
	};
	objectVersion = 51;
	objects = {

/* Begin PBXBuildFile section */
		7076718626249CDA00D8DEF1 /* AppDelegate.swift in Sources */ = {isa = PBXBuildFile; fileRef = 7076718526249CDA00D8DEF1 /* AppDelegate.swift */; };
		7076718826249CDA00D8DEF1 /* SceneDelegate.swift in Sources */ = {isa = PBXBuildFile; fileRef = 7076718726249CDA00D8DEF1 /* SceneDelegate.swift */; };
		7076718A26249CDA00D8DEF1 /* LGDiscoverViewController.swift in Sources */ = {isa = PBXBuildFile; fileRef = 7076718926249CDA00D8DEF1 /* LGDiscoverViewController.swift */; };
		7076718D26249CDA00D8DEF1 /* Main.storyboard in Resources */ = {isa = PBXBuildFile; fileRef = 7076718B26249CDA00D8DEF1 /* Main.storyboard */; };
		7076718F26249CDD00D8DEF1 /* Assets.xcassets in Resources */ = {isa = PBXBuildFile; fileRef = 7076718E26249CDD00D8DEF1 /* Assets.xcassets */; };
		7076719226249CDD00D8DEF1 /* LaunchScreen.storyboard in Resources */ = {isa = PBXBuildFile; fileRef = 7076719026249CDD00D8DEF1 /* LaunchScreen.storyboard */; };
		707671A22624AE5300D8DEF1 /* LGNews.swift in Sources */ = {isa = PBXBuildFile; fileRef = 707671A12624AE5300D8DEF1 /* LGNews.swift */; };
		707671A52624AE7A00D8DEF1 /* LGNetwork.swift in Sources */ = {isa = PBXBuildFile; fileRef = 707671A42624AE7A00D8DEF1 /* LGNetwork.swift */; };
		707671A82624AEA600D8DEF1 /* LGWebService.swift in Sources */ = {isa = PBXBuildFile; fileRef = 707671A72624AEA600D8DEF1 /* LGWebService.swift */; };
		70772836262729D100D9909A /* LGAppearanceUtils.swift in Sources */ = {isa = PBXBuildFile; fileRef = 70772835262729D000D9909A /* LGAppearanceUtils.swift */; };
		70E3FBD02626166600CAE881 /* LGDiscoverTableViewCell.swift in Sources */ = {isa = PBXBuildFile; fileRef = 70E3FBCE2626166600CAE881 /* LGDiscoverTableViewCell.swift */; };
		70E3FBD12626166600CAE881 /* LGDiscoverTableViewCell.xib in Resources */ = {isa = PBXBuildFile; fileRef = 70E3FBCF2626166600CAE881 /* LGDiscoverTableViewCell.xib */; };
		70E3FBD72626169D00CAE881 /* LGWhatsUpCollectionViewCell.swift in Sources */ = {isa = PBXBuildFile; fileRef = 70E3FBD52626169D00CAE881 /* LGWhatsUpCollectionViewCell.swift */; };
		70E3FBD82626169D00CAE881 /* LGWhatsUpCollectionViewCell.xib in Resources */ = {isa = PBXBuildFile; fileRef = 70E3FBD62626169D00CAE881 /* LGWhatsUpCollectionViewCell.xib */; };
		7F1283D65C70C090E72FE652 /* Pods_Lets_Geaux.framework in Frameworks */ = {isa = PBXBuildFile; fileRef = 73B21ED266A25F8FA1E69B1E /* Pods_Lets_Geaux.framework */; };
/* End PBXBuildFile section */

/* Begin PBXFileReference section */
		7076718226249CDA00D8DEF1 /* Lets Geaux.app */ = {isa = PBXFileReference; explicitFileType = wrapper.application; includeInIndex = 0; path = "Lets Geaux.app"; sourceTree = BUILT_PRODUCTS_DIR; };
		7076718526249CDA00D8DEF1 /* AppDelegate.swift */ = {isa = PBXFileReference; lastKnownFileType = sourcecode.swift; path = AppDelegate.swift; sourceTree = "<group>"; };
		7076718726249CDA00D8DEF1 /* SceneDelegate.swift */ = {isa = PBXFileReference; lastKnownFileType = sourcecode.swift; path = SceneDelegate.swift; sourceTree = "<group>"; };
		7076718926249CDA00D8DEF1 /* LGDiscoverViewController.swift */ = {isa = PBXFileReference; lastKnownFileType = sourcecode.swift; path = LGDiscoverViewController.swift; sourceTree = "<group>"; };
		7076718C26249CDA00D8DEF1 /* Base */ = {isa = PBXFileReference; lastKnownFileType = file.storyboard; name = Base; path = Base.lproj/Main.storyboard; sourceTree = "<group>"; };
		7076718E26249CDD00D8DEF1 /* Assets.xcassets */ = {isa = PBXFileReference; lastKnownFileType = folder.assetcatalog; path = Assets.xcassets; sourceTree = "<group>"; };
		7076719126249CDD00D8DEF1 /* Base */ = {isa = PBXFileReference; lastKnownFileType = file.storyboard; name = Base; path = Base.lproj/LaunchScreen.storyboard; sourceTree = "<group>"; };
		7076719326249CDD00D8DEF1 /* Info.plist */ = {isa = PBXFileReference; lastKnownFileType = text.plist.xml; path = Info.plist; sourceTree = "<group>"; };
		707671A12624AE5300D8DEF1 /* LGNews.swift */ = {isa = PBXFileReference; lastKnownFileType = sourcecode.swift; path = LGNews.swift; sourceTree = "<group>"; };
		707671A42624AE7A00D8DEF1 /* LGNetwork.swift */ = {isa = PBXFileReference; lastKnownFileType = sourcecode.swift; path = LGNetwork.swift; sourceTree = "<group>"; };
		707671A72624AEA600D8DEF1 /* LGWebService.swift */ = {isa = PBXFileReference; lastKnownFileType = sourcecode.swift; path = LGWebService.swift; sourceTree = "<group>"; };
		70772835262729D000D9909A /* LGAppearanceUtils.swift */ = {isa = PBXFileReference; lastKnownFileType = sourcecode.swift; path = LGAppearanceUtils.swift; sourceTree = "<group>"; };
		70E3FBCE2626166600CAE881 /* LGDiscoverTableViewCell.swift */ = {isa = PBXFileReference; lastKnownFileType = sourcecode.swift; path = LGDiscoverTableViewCell.swift; sourceTree = "<group>"; };
		70E3FBCF2626166600CAE881 /* LGDiscoverTableViewCell.xib */ = {isa = PBXFileReference; lastKnownFileType = file.xib; path = LGDiscoverTableViewCell.xib; sourceTree = "<group>"; };
		70E3FBD52626169D00CAE881 /* LGWhatsUpCollectionViewCell.swift */ = {isa = PBXFileReference; lastKnownFileType = sourcecode.swift; path = LGWhatsUpCollectionViewCell.swift; sourceTree = "<group>"; };
		70E3FBD62626169D00CAE881 /* LGWhatsUpCollectionViewCell.xib */ = {isa = PBXFileReference; lastKnownFileType = file.xib; path = LGWhatsUpCollectionViewCell.xib; sourceTree = "<group>"; };
		73B21ED266A25F8FA1E69B1E /* Pods_Lets_Geaux.framework */ = {isa = PBXFileReference; explicitFileType = wrapper.framework; includeInIndex = 0; path = Pods_Lets_Geaux.framework; sourceTree = BUILT_PRODUCTS_DIR; };
		A34712C76B18DE55BEEAE0BA /* Pods-Lets Geaux.release.xcconfig */ = {isa = PBXFileReference; includeInIndex = 1; lastKnownFileType = text.xcconfig; name = "Pods-Lets Geaux.release.xcconfig"; path = "Target Support Files/Pods-Lets Geaux/Pods-Lets Geaux.release.xcconfig"; sourceTree = "<group>"; };
		C60043EDD80B87028C9A28E2 /* Pods-Lets Geaux.debug.xcconfig */ = {isa = PBXFileReference; includeInIndex = 1; lastKnownFileType = text.xcconfig; name = "Pods-Lets Geaux.debug.xcconfig"; path = "Target Support Files/Pods-Lets Geaux/Pods-Lets Geaux.debug.xcconfig"; sourceTree = "<group>"; };
/* End PBXFileReference section */

/* Begin PBXFrameworksBuildPhase section */
		7076717F26249CDA00D8DEF1 /* Frameworks */ = {
			isa = PBXFrameworksBuildPhase;
			buildActionMask = 2147483647;
			files = (
				7F1283D65C70C090E72FE652 /* Pods_Lets_Geaux.framework in Frameworks */,
			);
			runOnlyForDeploymentPostprocessing = 0;
		};
/* End PBXFrameworksBuildPhase section */

/* Begin PBXGroup section */
		1A81DE46FAC1CC9107A648B8 /* Frameworks */ = {
			isa = PBXGroup;
			children = (
				73B21ED266A25F8FA1E69B1E /* Pods_Lets_Geaux.framework */,
			);
			name = Frameworks;
			sourceTree = "<group>";
		};
		7076717926249CDA00D8DEF1 = {
			isa = PBXGroup;
			children = (
				7076718426249CDA00D8DEF1 /* Lets Geaux */,
				7076718326249CDA00D8DEF1 /* Products */,
				D02AF539CF0384A940D4F9D9 /* Pods */,
				1A81DE46FAC1CC9107A648B8 /* Frameworks */,
			);
			sourceTree = "<group>";
		};
		7076718326249CDA00D8DEF1 /* Products */ = {
			isa = PBXGroup;
			children = (
				7076718226249CDA00D8DEF1 /* Lets Geaux.app */,
			);
			name = Products;
			sourceTree = "<group>";
		};
		7076718426249CDA00D8DEF1 /* Lets Geaux */ = {
			isa = PBXGroup;
			children = (
				70E3FBCC2626161500CAE881 /* Discover */,
				707671A02624AE2B00D8DEF1 /* Model */,
				70772834262729B500D9909A /* Utils */,
				7076718526249CDA00D8DEF1 /* AppDelegate.swift */,
				7076718726249CDA00D8DEF1 /* SceneDelegate.swift */,
				7076718B26249CDA00D8DEF1 /* Main.storyboard */,
				7076718E26249CDD00D8DEF1 /* Assets.xcassets */,
				7076719026249CDD00D8DEF1 /* LaunchScreen.storyboard */,
				7076719326249CDD00D8DEF1 /* Info.plist */,
			);
			path = "Lets Geaux";
			sourceTree = "<group>";
		};
		707671A02624AE2B00D8DEF1 /* Model */ = {
			isa = PBXGroup;
			children = (
				707671A12624AE5300D8DEF1 /* LGNews.swift */,
				707671A42624AE7A00D8DEF1 /* LGNetwork.swift */,
				707671A72624AEA600D8DEF1 /* LGWebService.swift */,
			);
			path = Model;
			sourceTree = "<group>";
		};
		70772834262729B500D9909A /* Utils */ = {
			isa = PBXGroup;
			children = (
				70772835262729D000D9909A /* LGAppearanceUtils.swift */,
			);
			path = Utils;
			sourceTree = "<group>";
		};
		70E3FBCC2626161500CAE881 /* Discover */ = {
			isa = PBXGroup;
			children = (
				7076718926249CDA00D8DEF1 /* LGDiscoverViewController.swift */,
				70E3FBCD2626162C00CAE881 /* DiscoverTableViewCell */,
				70E3FBD42626166F00CAE881 /* WhatsUpCollectionViewCell */,
			);
			path = Discover;
			sourceTree = "<group>";
		};
		70E3FBCD2626162C00CAE881 /* DiscoverTableViewCell */ = {
			isa = PBXGroup;
			children = (
				70E3FBCE2626166600CAE881 /* LGDiscoverTableViewCell.swift */,
				70E3FBCF2626166600CAE881 /* LGDiscoverTableViewCell.xib */,
			);
			path = DiscoverTableViewCell;
			sourceTree = "<group>";
		};
		70E3FBD42626166F00CAE881 /* WhatsUpCollectionViewCell */ = {
			isa = PBXGroup;
			children = (
				70E3FBD52626169D00CAE881 /* LGWhatsUpCollectionViewCell.swift */,
				70E3FBD62626169D00CAE881 /* LGWhatsUpCollectionViewCell.xib */,
			);
			path = WhatsUpCollectionViewCell;
			sourceTree = "<group>";
		};
		D02AF539CF0384A940D4F9D9 /* Pods */ = {
			isa = PBXGroup;
			children = (
				C60043EDD80B87028C9A28E2 /* Pods-Lets Geaux.debug.xcconfig */,
				A34712C76B18DE55BEEAE0BA /* Pods-Lets Geaux.release.xcconfig */,
			);
			path = Pods;
			sourceTree = "<group>";
		};
/* End PBXGroup section */

/* Begin PBXNativeTarget section */
		7076718126249CDA00D8DEF1 /* Lets Geaux */ = {
			isa = PBXNativeTarget;
			buildConfigurationList = 7076719626249CDD00D8DEF1 /* Build configuration list for PBXNativeTarget "Lets Geaux" */;
			buildPhases = (
				2FEE87E9FDB133068482A467 /* [CP] Check Pods Manifest.lock */,
				7076717E26249CDA00D8DEF1 /* Sources */,
				7076717F26249CDA00D8DEF1 /* Frameworks */,
				7076718026249CDA00D8DEF1 /* Resources */,
				3B14CFB62877352C1781FCF7 /* [CP] Embed Pods Frameworks */,
			);
			buildRules = (
			);
			dependencies = (
			);
			name = "Lets Geaux";
			productName = "Let's Geaux";
			productReference = 7076718226249CDA00D8DEF1 /* Lets Geaux.app */;
			productType = "com.apple.product-type.application";
		};
/* End PBXNativeTarget section */

/* Begin PBXProject section */
		7076717A26249CDA00D8DEF1 /* Project object */ = {
			isa = PBXProject;
			attributes = {
				LastSwiftUpdateCheck = 1240;
				LastUpgradeCheck = 1240;
				TargetAttributes = {
					7076718126249CDA00D8DEF1 = {
						CreatedOnToolsVersion = 12.4;
					};
				};
			};
			buildConfigurationList = 7076717D26249CDA00D8DEF1 /* Build configuration list for PBXProject "Lets Geaux" */;
			compatibilityVersion = "Xcode 9.3";
			developmentRegion = en;
			hasScannedForEncodings = 0;
			knownRegions = (
				en,
				Base,
			);
			mainGroup = 7076717926249CDA00D8DEF1;
			productRefGroup = 7076718326249CDA00D8DEF1 /* Products */;
			projectDirPath = "";
			projectRoot = "";
			targets = (
				7076718126249CDA00D8DEF1 /* Lets Geaux */,
			);
		};
/* End PBXProject section */

/* Begin PBXResourcesBuildPhase section */
		7076718026249CDA00D8DEF1 /* Resources */ = {
			isa = PBXResourcesBuildPhase;
			buildActionMask = 2147483647;
			files = (
				7076719226249CDD00D8DEF1 /* LaunchScreen.storyboard in Resources */,
				70E3FBD12626166600CAE881 /* LGDiscoverTableViewCell.xib in Resources */,
				7076718F26249CDD00D8DEF1 /* Assets.xcassets in Resources */,
				7076718D26249CDA00D8DEF1 /* Main.storyboard in Resources */,
				70E3FBD82626169D00CAE881 /* LGWhatsUpCollectionViewCell.xib in Resources */,
			);
			runOnlyForDeploymentPostprocessing = 0;
		};
/* End PBXResourcesBuildPhase section */

/* Begin PBXShellScriptBuildPhase section */
		2FEE87E9FDB133068482A467 /* [CP] Check Pods Manifest.lock */ = {
			isa = PBXShellScriptBuildPhase;
			buildActionMask = 2147483647;
			files = (
			);
			inputFileListPaths = (
			);
			inputPaths = (
				"${PODS_PODFILE_DIR_PATH}/Podfile.lock",
				"${PODS_ROOT}/Manifest.lock",
			);
			name = "[CP] Check Pods Manifest.lock";
			outputFileListPaths = (
			);
			outputPaths = (
				"$(DERIVED_FILE_DIR)/Pods-Lets Geaux-checkManifestLockResult.txt",
			);
			runOnlyForDeploymentPostprocessing = 0;
			shellPath = /bin/sh;
			shellScript = "diff \"${PODS_PODFILE_DIR_PATH}/Podfile.lock\" \"${PODS_ROOT}/Manifest.lock\" > /dev/null\nif [ $? != 0 ] ; then\n    # print error to STDERR\n    echo \"error: The sandbox is not in sync with the Podfile.lock. Run 'pod install' or update your CocoaPods installation.\" >&2\n    exit 1\nfi\n# This output is used by Xcode 'outputs' to avoid re-running this script phase.\necho \"SUCCESS\" > \"${SCRIPT_OUTPUT_FILE_0}\"\n";
			showEnvVarsInLog = 0;
		};
		3B14CFB62877352C1781FCF7 /* [CP] Embed Pods Frameworks */ = {
			isa = PBXShellScriptBuildPhase;
			buildActionMask = 2147483647;
			files = (
			);
			inputFileListPaths = (
				"${PODS_ROOT}/Target Support Files/Pods-Lets Geaux/Pods-Lets Geaux-frameworks-${CONFIGURATION}-input-files.xcfilelist",
			);
			name = "[CP] Embed Pods Frameworks";
			outputFileListPaths = (
				"${PODS_ROOT}/Target Support Files/Pods-Lets Geaux/Pods-Lets Geaux-frameworks-${CONFIGURATION}-output-files.xcfilelist",
			);
			runOnlyForDeploymentPostprocessing = 0;
			shellPath = /bin/sh;
			shellScript = "\"${PODS_ROOT}/Target Support Files/Pods-Lets Geaux/Pods-Lets Geaux-frameworks.sh\"\n";
			showEnvVarsInLog = 0;
		};
/* End PBXShellScriptBuildPhase section */

/* Begin PBXSourcesBuildPhase section */
		7076717E26249CDA00D8DEF1 /* Sources */ = {
			isa = PBXSourcesBuildPhase;
			buildActionMask = 2147483647;
			files = (
				7076718A26249CDA00D8DEF1 /* LGDiscoverViewController.swift in Sources */,
				707671A22624AE5300D8DEF1 /* LGNews.swift in Sources */,
				7076718626249CDA00D8DEF1 /* AppDelegate.swift in Sources */,
				707671A82624AEA600D8DEF1 /* LGWebService.swift in Sources */,
				70E3FBD02626166600CAE881 /* LGDiscoverTableViewCell.swift in Sources */,
				707671A52624AE7A00D8DEF1 /* LGNetwork.swift in Sources */,
				70772836262729D100D9909A /* LGAppearanceUtils.swift in Sources */,
				70E3FBD72626169D00CAE881 /* LGWhatsUpCollectionViewCell.swift in Sources */,
				7076718826249CDA00D8DEF1 /* SceneDelegate.swift in Sources */,
			);
			runOnlyForDeploymentPostprocessing = 0;
		};
/* End PBXSourcesBuildPhase section */

/* Begin PBXVariantGroup section */
		7076718B26249CDA00D8DEF1 /* Main.storyboard */ = {
			isa = PBXVariantGroup;
			children = (
				7076718C26249CDA00D8DEF1 /* Base */,
			);
			name = Main.storyboard;
			sourceTree = "<group>";
		};
		7076719026249CDD00D8DEF1 /* LaunchScreen.storyboard */ = {
			isa = PBXVariantGroup;
			children = (
				7076719126249CDD00D8DEF1 /* Base */,
			);
			name = LaunchScreen.storyboard;
			sourceTree = "<group>";
		};
/* End PBXVariantGroup section */

/* Begin XCBuildConfiguration section */
		7076719426249CDD00D8DEF1 /* Debug */ = {
			isa = XCBuildConfiguration;
			buildSettings = {
				ALWAYS_SEARCH_USER_PATHS = NO;
				CLANG_ANALYZER_NONNULL = YES;
				CLANG_ANALYZER_NUMBER_OBJECT_CONVERSION = YES_AGGRESSIVE;
				CLANG_CXX_LANGUAGE_STANDARD = "gnu++14";
				CLANG_CXX_LIBRARY = "libc++";
				CLANG_ENABLE_MODULES = YES;
				CLANG_ENABLE_OBJC_ARC = YES;
				CLANG_ENABLE_OBJC_WEAK = YES;
				CLANG_WARN_BLOCK_CAPTURE_AUTORELEASING = YES;
				CLANG_WARN_BOOL_CONVERSION = YES;
				CLANG_WARN_COMMA = YES;
				CLANG_WARN_CONSTANT_CONVERSION = YES;
				CLANG_WARN_DEPRECATED_OBJC_IMPLEMENTATIONS = YES;
				CLANG_WARN_DIRECT_OBJC_ISA_USAGE = YES_ERROR;
				CLANG_WARN_DOCUMENTATION_COMMENTS = YES;
				CLANG_WARN_EMPTY_BODY = YES;
				CLANG_WARN_ENUM_CONVERSION = YES;
				CLANG_WARN_INFINITE_RECURSION = YES;
				CLANG_WARN_INT_CONVERSION = YES;
				CLANG_WARN_NON_LITERAL_NULL_CONVERSION = YES;
				CLANG_WARN_OBJC_IMPLICIT_RETAIN_SELF = YES;
				CLANG_WARN_OBJC_LITERAL_CONVERSION = YES;
				CLANG_WARN_OBJC_ROOT_CLASS = YES_ERROR;
				CLANG_WARN_QUOTED_INCLUDE_IN_FRAMEWORK_HEADER = YES;
				CLANG_WARN_RANGE_LOOP_ANALYSIS = YES;
				CLANG_WARN_STRICT_PROTOTYPES = YES;
				CLANG_WARN_SUSPICIOUS_MOVE = YES;
				CLANG_WARN_UNGUARDED_AVAILABILITY = YES_AGGRESSIVE;
				CLANG_WARN_UNREACHABLE_CODE = YES;
				CLANG_WARN__DUPLICATE_METHOD_MATCH = YES;
				COPY_PHASE_STRIP = NO;
				DEBUG_INFORMATION_FORMAT = dwarf;
				ENABLE_STRICT_OBJC_MSGSEND = YES;
				ENABLE_TESTABILITY = YES;
				GCC_C_LANGUAGE_STANDARD = gnu11;
				GCC_DYNAMIC_NO_PIC = NO;
				GCC_NO_COMMON_BLOCKS = YES;
				GCC_OPTIMIZATION_LEVEL = 0;
				GCC_PREPROCESSOR_DEFINITIONS = (
					"DEBUG=1",
					"$(inherited)",
				);
				GCC_WARN_64_TO_32_BIT_CONVERSION = YES;
				GCC_WARN_ABOUT_RETURN_TYPE = YES_ERROR;
				GCC_WARN_UNDECLARED_SELECTOR = YES;
				GCC_WARN_UNINITIALIZED_AUTOS = YES_AGGRESSIVE;
				GCC_WARN_UNUSED_FUNCTION = YES;
				GCC_WARN_UNUSED_VARIABLE = YES;
				IPHONEOS_DEPLOYMENT_TARGET = 14.4;
				MTL_ENABLE_DEBUG_INFO = INCLUDE_SOURCE;
				MTL_FAST_MATH = YES;
				ONLY_ACTIVE_ARCH = YES;
				SDKROOT = iphoneos;
				SWIFT_ACTIVE_COMPILATION_CONDITIONS = DEBUG;
				SWIFT_OPTIMIZATION_LEVEL = "-Onone";
			};
			name = Debug;
		};
		7076719526249CDD00D8DEF1 /* Release */ = {
			isa = XCBuildConfiguration;
			buildSettings = {
				ALWAYS_SEARCH_USER_PATHS = NO;
				CLANG_ANALYZER_NONNULL = YES;
				CLANG_ANALYZER_NUMBER_OBJECT_CONVERSION = YES_AGGRESSIVE;
				CLANG_CXX_LANGUAGE_STANDARD = "gnu++14";
				CLANG_CXX_LIBRARY = "libc++";
				CLANG_ENABLE_MODULES = YES;
				CLANG_ENABLE_OBJC_ARC = YES;
				CLANG_ENABLE_OBJC_WEAK = YES;
				CLANG_WARN_BLOCK_CAPTURE_AUTORELEASING = YES;
				CLANG_WARN_BOOL_CONVERSION = YES;
				CLANG_WARN_COMMA = YES;
				CLANG_WARN_CONSTANT_CONVERSION = YES;
				CLANG_WARN_DEPRECATED_OBJC_IMPLEMENTATIONS = YES;
				CLANG_WARN_DIRECT_OBJC_ISA_USAGE = YES_ERROR;
				CLANG_WARN_DOCUMENTATION_COMMENTS = YES;
				CLANG_WARN_EMPTY_BODY = YES;
				CLANG_WARN_ENUM_CONVERSION = YES;
				CLANG_WARN_INFINITE_RECURSION = YES;
				CLANG_WARN_INT_CONVERSION = YES;
				CLANG_WARN_NON_LITERAL_NULL_CONVERSION = YES;
				CLANG_WARN_OBJC_IMPLICIT_RETAIN_SELF = YES;
				CLANG_WARN_OBJC_LITERAL_CONVERSION = YES;
				CLANG_WARN_OBJC_ROOT_CLASS = YES_ERROR;
				CLANG_WARN_QUOTED_INCLUDE_IN_FRAMEWORK_HEADER = YES;
				CLANG_WARN_RANGE_LOOP_ANALYSIS = YES;
				CLANG_WARN_STRICT_PROTOTYPES = YES;
				CLANG_WARN_SUSPICIOUS_MOVE = YES;
				CLANG_WARN_UNGUARDED_AVAILABILITY = YES_AGGRESSIVE;
				CLANG_WARN_UNREACHABLE_CODE = YES;
				CLANG_WARN__DUPLICATE_METHOD_MATCH = YES;
				COPY_PHASE_STRIP = NO;
				DEBUG_INFORMATION_FORMAT = "dwarf-with-dsym";
				ENABLE_NS_ASSERTIONS = NO;
				ENABLE_STRICT_OBJC_MSGSEND = YES;
				GCC_C_LANGUAGE_STANDARD = gnu11;
				GCC_NO_COMMON_BLOCKS = YES;
				GCC_WARN_64_TO_32_BIT_CONVERSION = YES;
				GCC_WARN_ABOUT_RETURN_TYPE = YES_ERROR;
				GCC_WARN_UNDECLARED_SELECTOR = YES;
				GCC_WARN_UNINITIALIZED_AUTOS = YES_AGGRESSIVE;
				GCC_WARN_UNUSED_FUNCTION = YES;
				GCC_WARN_UNUSED_VARIABLE = YES;
				IPHONEOS_DEPLOYMENT_TARGET = 14.4;
				MTL_ENABLE_DEBUG_INFO = NO;
				MTL_FAST_MATH = YES;
				SDKROOT = iphoneos;
				SWIFT_COMPILATION_MODE = wholemodule;
				SWIFT_OPTIMIZATION_LEVEL = "-O";
				VALIDATE_PRODUCT = YES;
			};
			name = Release;
		};
		7076719726249CDD00D8DEF1 /* Debug */ = {
			isa = XCBuildConfiguration;
			baseConfigurationReference = C60043EDD80B87028C9A28E2 /* Pods-Lets Geaux.debug.xcconfig */;
			buildSettings = {
				ASSETCATALOG_COMPILER_APPICON_NAME = AppIcon;
				ASSETCATALOG_COMPILER_GLOBAL_ACCENT_COLOR_NAME = AccentColor;
				CODE_SIGN_STYLE = Automatic;
				DEVELOPMENT_TEAM = 4KC5LNQ77T;
				EXCLUDED_ARCHS = "";
				INFOPLIST_FILE = "$(SRCROOT)/Lets Geaux/Info.plist";
				LD_RUNPATH_SEARCH_PATHS = (
					"$(inherited)",
					"@executable_path/Frameworks",
				);
				PRODUCT_BUNDLE_IDENTIFIER = "co.thr.letsgeaux.Let-s-Geaux";
				PRODUCT_NAME = "$(TARGET_NAME)";
				SWIFT_VERSION = 5.0;
				TARGETED_DEVICE_FAMILY = "1,2";
			};
			name = Debug;
		};
		7076719826249CDD00D8DEF1 /* Release */ = {
			isa = XCBuildConfiguration;
			baseConfigurationReference = A34712C76B18DE55BEEAE0BA /* Pods-Lets Geaux.release.xcconfig */;
			buildSettings = {
				ASSETCATALOG_COMPILER_APPICON_NAME = AppIcon;
				ASSETCATALOG_COMPILER_GLOBAL_ACCENT_COLOR_NAME = AccentColor;
				CODE_SIGN_STYLE = Automatic;
				DEVELOPMENT_TEAM = 4KC5LNQ77T;
				EXCLUDED_ARCHS = "";
				INFOPLIST_FILE = "$(SRCROOT)/Lets Geaux/Info.plist";
				LD_RUNPATH_SEARCH_PATHS = (
					"$(inherited)",
					"@executable_path/Frameworks",
				);
				PRODUCT_BUNDLE_IDENTIFIER = "co.thr.letsgeaux.Let-s-Geaux";
				PRODUCT_NAME = "$(TARGET_NAME)";
				SWIFT_VERSION = 5.0;
				TARGETED_DEVICE_FAMILY = "1,2";
			};
			name = Release;
		};
/* End XCBuildConfiguration section */

/* Begin XCConfigurationList section */
		7076717D26249CDA00D8DEF1 /* Build configuration list for PBXProject "Lets Geaux" */ = {
			isa = XCConfigurationList;
			buildConfigurations = (
				7076719426249CDD00D8DEF1 /* Debug */,
				7076719526249CDD00D8DEF1 /* Release */,
			);
			defaultConfigurationIsVisible = 0;
			defaultConfigurationName = Release;
		};
		7076719626249CDD00D8DEF1 /* Build configuration list for PBXNativeTarget "Lets Geaux" */ = {
			isa = XCConfigurationList;
			buildConfigurations = (
				7076719726249CDD00D8DEF1 /* Debug */,
				7076719826249CDD00D8DEF1 /* Release */,
			);
			defaultConfigurationIsVisible = 0;
			defaultConfigurationName = Release;
		};
/* End XCConfigurationList section */
	};
	rootObject = 7076717A26249CDA00D8DEF1 /* Project object */;
}
